
Microsoft Visual Studio Solution File, Format Version 12.00
# Visual Studio 14
VisualStudioVersion = 14.0.23107.0
MinimumVisualStudioVersion = 10.0.40219.1
Project("{FAE04EC0-301F-11D3-BF4B-00C04F79EFBC}") = "CrunchyIndex", "CrunchyIndex\CrunchyIndex.csproj", "{93FA3E08-399A-4ABF-9C13-D99708EA831B}"
EndProject
Project("{FAE04EC0-301F-11D3-BF4B-00C04F79EFBC}") = "WebAutomation", "WebAutomation\WebAutomation.csproj", "{B6DD0861-0D82-4E1C-81C8-4E87D1748150}"
EndProject
Global
	GlobalSection(SolutionConfigurationPlatforms) = preSolution
		Debug|Any CPU = Debug|Any CPU
		Release|Any CPU = Release|Any CPU
	EndGlobalSection
	GlobalSection(ProjectConfigurationPlatforms) = postSolution
		{93FA3E08-399A-4ABF-9C13-D99708EA831B}.Debug|Any CPU.ActiveCfg = Debug|Any CPU
		{93FA3E08-399A-4ABF-9C13-D99708EA831B}.Debug|Any CPU.Build.0 = Debug|Any CPU
		{93FA3E08-399A-4ABF-9C13-D99708EA831B}.Release|Any CPU.ActiveCfg = Release|Any CPU
		{93FA3E08-399A-4ABF-9C13-D99708EA831B}.Release|Any CPU.Build.0 = Release|Any CPU
		{B6DD0861-0D82-4E1C-81C8-4E87D1748150}.Debug|Any CPU.ActiveCfg = Debug|Any CPU
		{B6DD0861-0D82-4E1C-81C8-4E87D1748150}.Debug|Any CPU.Build.0 = Debug|Any CPU
		{B6DD0861-0D82-4E1C-81C8-4E87D1748150}.Release|Any CPU.ActiveCfg = Release|Any CPU
		{B6DD0861-0D82-4E1C-81C8-4E87D1748150}.Release|Any CPU.Build.0 = Release|Any CPU
	EndGlobalSection
	GlobalSection(SolutionProperties) = preSolution
		HideSolutionNode = FALSE
	EndGlobalSection
EndGlobal
